
Microsoft Visual Studio Solution File, Format Version 12.00
# Visual Studio Version 17
VisualStudioVersion = 17.14.36811.4 d17.14
MinimumVisualStudioVersion = 10.0.40219.1
Project("{FAE04EC0-301F-11D3-BF4B-00C04F79EFBC}") = "Demo-ASP-MVC-01", "Demo-ASP-MVC-01\Demo-ASP-MVC-01.csproj", "{887270F5-3C81-43F6-B510-EB33BEA83005}"
EndProject
Global
	GlobalSection(SolutionConfigurationPlatforms) = preSolution
		Debug|Any CPU = Debug|Any CPU
		Release|Any CPU = Release|Any CPU
	EndGlobalSection
	GlobalSection(ProjectConfigurationPlatforms) = postSolution
		{887270F5-3C81-43F6-B510-EB33BEA83005}.Debug|Any CPU.ActiveCfg = Debug|Any CPU
		{887270F5-3C81-43F6-B510-EB33BEA83005}.Debug|Any CPU.Build.0 = Debug|Any CPU
		{887270F5-3C81-43F6-B510-EB33BEA83005}.Release|Any CPU.ActiveCfg = Release|Any CPU
		{887270F5-3C81-43F6-B510-EB33BEA83005}.Release|Any CPU.Build.0 = Release|Any CPU
	EndGlobalSection
	GlobalSection(SolutionProperties) = preSolution
		HideSolutionNode = FALSE
	EndGlobalSection
	GlobalSection(ExtensibilityGlobals) = postSolution
		SolutionGuid = {2934820C-35D1-4DE8-A8B7-B5A65FEF27EE}
	EndGlobalSection
EndGlobal
